
Microsoft Visual Studio Solution File, Format Version 12.00
# Visual Studio 14
VisualStudioVersion = 14.0.23107.0
MinimumVisualStudioVersion = 10.0.40219.1
Project("{FAE04EC0-301F-11D3-BF4B-00C04F79EFBC}") = "GeekQuiz", "GeekQuiz\GeekQuiz.csproj", "{3AC02C9F-8146-425A-98D2-597D4E679DF5}"
EndProject
Project("{FAE04EC0-301F-11D3-BF4B-00C04F79EFBC}") = "UnitTests", "UnitTests\UnitTests.csproj", "{7CA1D2B6-27B7-4D4F-B0F2-1F9F9717DC5E}"
EndProject
Global
	GlobalSection(SolutionConfigurationPlatforms) = preSolution
		Debug|Any CPU = Debug|Any CPU
		Release|Any CPU = Release|Any CPU
	EndGlobalSection
	GlobalSection(ProjectConfigurationPlatforms) = postSolution
		{3AC02C9F-8146-425A-98D2-597D4E679DF5}.Debug|Any CPU.ActiveCfg = Debug|Any CPU
		{3AC02C9F-8146-425A-98D2-597D4E679DF5}.Debug|Any CPU.Build.0 = Debug|Any CPU
		{3AC02C9F-8146-425A-98D2-597D4E679DF5}.Release|Any CPU.ActiveCfg = Release|Any CPU
		{3AC02C9F-8146-425A-98D2-597D4E679DF5}.Release|Any CPU.Build.0 = Release|Any CPU
		{7CA1D2B6-27B7-4D4F-B0F2-1F9F9717DC5E}.Debug|Any CPU.ActiveCfg = Debug|Any CPU
		{7CA1D2B6-27B7-4D4F-B0F2-1F9F9717DC5E}.Debug|Any CPU.Build.0 = Debug|Any CPU
		{7CA1D2B6-27B7-4D4F-B0F2-1F9F9717DC5E}.Release|Any CPU.ActiveCfg = Release|Any CPU
		{7CA1D2B6-27B7-4D4F-B0F2-1F9F9717DC5E}.Release|Any CPU.Build.0 = Release|Any CPU
	EndGlobalSection
	GlobalSection(SolutionProperties) = preSolution
		HideSolutionNode = FALSE
	EndGlobalSection
EndGlobal
